{
  "requires": true,
  "lockfileVersion": 1,
  "dependencies": {
    "ng2-slim-loading-bar": {
      "version": "4.0.0",
      "resolved": "https://registry.npmjs.org/ng2-slim-loading-bar/-/ng2-slim-loading-bar-4.0.0.tgz",
      "integrity": "sha1-clb93nwFjxSVWj7y5lr6+1tmRgM="
    },
    "rxjs-compat": {
      "version": "6.6.7",
      "resolved": "https://registry.npmjs.org/rxjs-compat/-/rxjs-compat-6.6.7.tgz",
      "integrity": "sha512-szN4fK+TqBPOFBcBcsR0g2cmTTUF/vaFEOZNuSdfU8/pGFnNmmn2u8SystYXG1QMrjOPBc6XTKHMVfENDf6hHw=="
    }
  }
}
